// !$*UTF8*$!
{
	archiveVersion = 1;
	classes = {
	};
	objectVersion = 56;
	objects = {

/* Begin PBXBuildFile section */
		3708B0312918157C00397035 /* LoginViewController.swift in Sources */ = {isa = PBXBuildFile; fileRef = 3708B0302918157C00397035 /* LoginViewController.swift */; };
		3708B0332918FC5700397035 /* Public.storyboard in Resources */ = {isa = PBXBuildFile; fileRef = 3708B0322918FC5700397035 /* Public.storyboard */; };
		3708B0352918FC6B00397035 /* PublicViewController.swift in Sources */ = {isa = PBXBuildFile; fileRef = 3708B0342918FC6B00397035 /* PublicViewController.swift */; };
		3708B0382919021B00397035 /* HotCell.swift in Sources */ = {isa = PBXBuildFile; fileRef = 3708B0372919021B00397035 /* HotCell.swift */; };
		3708B03A29192C4E00397035 /* HotPickersCell.swift in Sources */ = {isa = PBXBuildFile; fileRef = 3708B03929192C4E00397035 /* HotPickersCell.swift */; };
		3711415029169CFB00C567EF /* Group.swift in Sources */ = {isa = PBXBuildFile; fileRef = 3711414F29169CFB00C567EF /* Group.swift */; };
		371C17582916572E00B3B115 /* FriendSelectCell.swift in Sources */ = {isa = PBXBuildFile; fileRef = 371C17572916572E00B3B115 /* FriendSelectCell.swift */; };
		372AE2FB29126055007D677B /* TitleInputCell.swift in Sources */ = {isa = PBXBuildFile; fileRef = 372AE2FA29126055007D677B /* TitleInputCell.swift */; };
		372AE2FD2912606D007D677B /* TextOptionsCell.swift in Sources */ = {isa = PBXBuildFile; fileRef = 372AE2FC2912606D007D677B /* TextOptionsCell.swift */; };
		372AE2FF29126088007D677B /* ImageOptionsCell.swift in Sources */ = {isa = PBXBuildFile; fileRef = 372AE2FE29126088007D677B /* ImageOptionsCell.swift */; };
		372AE30129127616007D677B /* TargetSettingCell.swift in Sources */ = {isa = PBXBuildFile; fileRef = 372AE30029127616007D677B /* TargetSettingCell.swift */; };
		377852E9291CE85C00780E8D /* EntranceViewController.swift in Sources */ = {isa = PBXBuildFile; fileRef = 377852E8291CE85C00780E8D /* EntranceViewController.swift */; };
		377852EE291D0B6100780E8D /* RoomIDInputView.xib in Resources */ = {isa = PBXBuildFile; fileRef = 377852ED291D0B6100780E8D /* RoomIDInputView.xib */; };
		377852F0291D0BEA00780E8D /* RoomIDInputView.swift in Sources */ = {isa = PBXBuildFile; fileRef = 377852EF291D0BEA00780E8D /* RoomIDInputView.swift */; };
		377852F2291D380A00780E8D /* ContainerView.swift in Sources */ = {isa = PBXBuildFile; fileRef = 377852F1291D380A00780E8D /* ContainerView.swift */; };
		377852F4291E29CC00780E8D /* WaitingRoomViewController.swift in Sources */ = {isa = PBXBuildFile; fileRef = 377852F3291E29CC00780E8D /* WaitingRoomViewController.swift */; };
		377852F6291E302600780E8D /* AttendeeCell.swift in Sources */ = {isa = PBXBuildFile; fileRef = 377852F5291E302600780E8D /* AttendeeCell.swift */; };
		377852F8291E6A6500780E8D /* LivePick.swift in Sources */ = {isa = PBXBuildFile; fileRef = 377852F7291E6A6500780E8D /* LivePick.swift */; };
		377852FC291FCF6300780E8D /* LivePickingViewController.swift in Sources */ = {isa = PBXBuildFile; fileRef = 377852FB291FCF6300780E8D /* LivePickingViewController.swift */; };
		377852FE2920921600780E8D /* LiveOptionsViewController.swift in Sources */ = {isa = PBXBuildFile; fileRef = 377852FD2920921600780E8D /* LiveOptionsViewController.swift */; };
		377853002920A41100780E8D /* ChoiceCell.swift in Sources */ = {isa = PBXBuildFile; fileRef = 377852FF2920A41100780E8D /* ChoiceCell.swift */; };
		37B5D8972911FC1800A7BC98 /* PickerEditorViewController.swift in Sources */ = {isa = PBXBuildFile; fileRef = 37B5D8962911FC1800A7BC98 /* PickerEditorViewController.swift */; };
		37D575812913A1C600DC344D /* PickerSelection.storyboard in Resources */ = {isa = PBXBuildFile; fileRef = 37D575802913A1C600DC344D /* PickerSelection.storyboard */; };
		37D575842913AFEA00DC344D /* PickSelectionCell.swift in Sources */ = {isa = PBXBuildFile; fileRef = 37D575832913AFEA00DC344D /* PickSelectionCell.swift */; };
		37D575862913B02900DC344D /* PickerSelectionViewController.swift in Sources */ = {isa = PBXBuildFile; fileRef = 37D575852913B02900DC344D /* PickerSelectionViewController.swift */; };
		37D575882914B51F00DC344D /* Relationship.storyboard in Resources */ = {isa = PBXBuildFile; fileRef = 37D575872914B51F00DC344D /* Relationship.storyboard */; };
		37D5758A2914C25300DC344D /* PickResultCell.swift in Sources */ = {isa = PBXBuildFile; fileRef = 37D575892914C25300DC344D /* PickResultCell.swift */; };
		37D5758C2914DFF800DC344D /* PickResultViewController.swift in Sources */ = {isa = PBXBuildFile; fileRef = 37D5758B2914DFF800DC344D /* PickResultViewController.swift */; };
		37D5758E2914EA8200DC344D /* PickCommentsCell.swift in Sources */ = {isa = PBXBuildFile; fileRef = 37D5758D2914EA8200DC344D /* PickCommentsCell.swift */; };
		37D5759029153AAF00DC344D /* SearchIDViewController.swift in Sources */ = {isa = PBXBuildFile; fileRef = 37D5758F29153AAF00DC344D /* SearchIDViewController.swift */; };
		37D5759229153F0600DC344D /* FriendSelectViewController.swift in Sources */ = {isa = PBXBuildFile; fileRef = 37D5759129153F0600DC344D /* FriendSelectViewController.swift */; };
		37D5759429153F3F00DC344D /* GroupCreateViewController.swift in Sources */ = {isa = PBXBuildFile; fileRef = 37D5759329153F3F00DC344D /* GroupCreateViewController.swift */; };
		37D5759629154B1E00DC344D /* Result.swift in Sources */ = {isa = PBXBuildFile; fileRef = 37D5759529154B1E00DC344D /* Result.swift */; };
		37D5759829154B3400DC344D /* User.swift in Sources */ = {isa = PBXBuildFile; fileRef = 37D5759729154B3400DC344D /* User.swift */; };
		37DE8AA4290C15C900F737A7 /* AppDelegate.swift in Sources */ = {isa = PBXBuildFile; fileRef = 37DE8AA3290C15C900F737A7 /* AppDelegate.swift */; };
		37DE8AA6290C15C900F737A7 /* SceneDelegate.swift in Sources */ = {isa = PBXBuildFile; fileRef = 37DE8AA5290C15C900F737A7 /* SceneDelegate.swift */; };
		37DE8AA8290C15C900F737A7 /* ViewController.swift in Sources */ = {isa = PBXBuildFile; fileRef = 37DE8AA7290C15C900F737A7 /* ViewController.swift */; };
		37DE8AAB290C15C900F737A7 /* Main.storyboard in Resources */ = {isa = PBXBuildFile; fileRef = 37DE8AA9290C15C900F737A7 /* Main.storyboard */; };
		37DE8AAD290C15CA00F737A7 /* Assets.xcassets in Resources */ = {isa = PBXBuildFile; fileRef = 37DE8AAC290C15CA00F737A7 /* Assets.xcassets */; };
		37DE8AB0290C15CA00F737A7 /* LaunchScreen.storyboard in Resources */ = {isa = PBXBuildFile; fileRef = 37DE8AAE290C15CA00F737A7 /* LaunchScreen.storyboard */; };
		37DE8AE1290EBC0F00F737A7 /* Interaction.storyboard in Resources */ = {isa = PBXBuildFile; fileRef = 37DE8AE0290EBC0F00F737A7 /* Interaction.storyboard */; };
		37DE8AE3290EBC3300F737A7 /* PickViewController.swift in Sources */ = {isa = PBXBuildFile; fileRef = 37DE8AE2290EBC3300F737A7 /* PickViewController.swift */; };
		37DE8AEC290FCC5000F737A7 /* TitleCell.swift in Sources */ = {isa = PBXBuildFile; fileRef = 37DE8AEB290FCC5000F737A7 /* TitleCell.swift */; };
		37DE8AEE290FCC7200F737A7 /* ChooseCell.swift in Sources */ = {isa = PBXBuildFile; fileRef = 37DE8AED290FCC7200F737A7 /* ChooseCell.swift */; };
		37DE8AF2290FCCAE00F737A7 /* AdditionCell.swift in Sources */ = {isa = PBXBuildFile; fileRef = 37DE8AF1290FCCAE00F737A7 /* AdditionCell.swift */; };
		37DE8AF4290FD67600F737A7 /* SPConstant.swift in Sources */ = {isa = PBXBuildFile; fileRef = 37DE8AF3290FD67600F737A7 /* SPConstant.swift */; };
		37DE8AF6290FF02700F737A7 /* KingFisherWrapper.swift in Sources */ = {isa = PBXBuildFile; fileRef = 37DE8AF5290FF02700F737A7 /* KingFisherWrapper.swift */; };
		37DE8AF82910047100F737A7 /* GoogleService-Info.plist in Resources */ = {isa = PBXBuildFile; fileRef = 37DE8AF72910047100F737A7 /* GoogleService-Info.plist */; };
		37DE8AFB29100D6D00F737A7 /* FirebaseManager.swift in Sources */ = {isa = PBXBuildFile; fileRef = 37DE8AFA29100D6D00F737A7 /* FirebaseManager.swift */; };
		37DE8AFD2910B22F00F737A7 /* PickObject.swift in Sources */ = {isa = PBXBuildFile; fileRef = 37DE8AFC2910B22F00F737A7 /* PickObject.swift */; };
		37DE8B002910C70E00F737A7 /* DateHelper.swift in Sources */ = {isa = PBXBuildFile; fileRef = 37DE8AFF2910C70E00F737A7 /* DateHelper.swift */; };
		CDCCED94BD824C2880F3CCF9 /* Pods_SlobPicker.framework in Frameworks */ = {isa = PBXBuildFile; fileRef = D74FDCDA9473C3D8A598ED09 /* Pods_SlobPicker.framework */; };
/* End PBXBuildFile section */

/* Begin PBXFileReference section */
		3708B0302918157C00397035 /* LoginViewController.swift */ = {isa = PBXFileReference; lastKnownFileType = sourcecode.swift; path = LoginViewController.swift; sourceTree = "<group>"; };
		3708B0322918FC5700397035 /* Public.storyboard */ = {isa = PBXFileReference; lastKnownFileType = file.storyboard; path = Public.storyboard; sourceTree = "<group>"; };
		3708B0342918FC6B00397035 /* PublicViewController.swift */ = {isa = PBXFileReference; lastKnownFileType = sourcecode.swift; path = PublicViewController.swift; sourceTree = "<group>"; };
		3708B0372919021B00397035 /* HotCell.swift */ = {isa = PBXFileReference; lastKnownFileType = sourcecode.swift; path = HotCell.swift; sourceTree = "<group>"; };
		3708B03929192C4E00397035 /* HotPickersCell.swift */ = {isa = PBXFileReference; lastKnownFileType = sourcecode.swift; path = HotPickersCell.swift; sourceTree = "<group>"; };
		3711414F29169CFB00C567EF /* Group.swift */ = {isa = PBXFileReference; lastKnownFileType = sourcecode.swift; path = Group.swift; sourceTree = "<group>"; };
		371C17572916572E00B3B115 /* FriendSelectCell.swift */ = {isa = PBXFileReference; lastKnownFileType = sourcecode.swift; path = FriendSelectCell.swift; sourceTree = "<group>"; };
		372AE2FA29126055007D677B /* TitleInputCell.swift */ = {isa = PBXFileReference; lastKnownFileType = sourcecode.swift; path = TitleInputCell.swift; sourceTree = "<group>"; };
		372AE2FC2912606D007D677B /* TextOptionsCell.swift */ = {isa = PBXFileReference; lastKnownFileType = sourcecode.swift; path = TextOptionsCell.swift; sourceTree = "<group>"; };
		372AE2FE29126088007D677B /* ImageOptionsCell.swift */ = {isa = PBXFileReference; lastKnownFileType = sourcecode.swift; path = ImageOptionsCell.swift; sourceTree = "<group>"; };
		372AE30029127616007D677B /* TargetSettingCell.swift */ = {isa = PBXFileReference; lastKnownFileType = sourcecode.swift; path = TargetSettingCell.swift; sourceTree = "<group>"; };
		372AE302291290CE007D677B /* iOSDropDown.framework */ = {isa = PBXFileReference; explicitFileType = wrapper.framework; path = iOSDropDown.framework; sourceTree = BUILT_PRODUCTS_DIR; };
		377852E8291CE85C00780E8D /* EntranceViewController.swift */ = {isa = PBXFileReference; lastKnownFileType = sourcecode.swift; path = EntranceViewController.swift; sourceTree = "<group>"; };
		377852ED291D0B6100780E8D /* RoomIDInputView.xib */ = {isa = PBXFileReference; lastKnownFileType = file.xib; path = RoomIDInputView.xib; sourceTree = "<group>"; };
		377852EF291D0BEA00780E8D /* RoomIDInputView.swift */ = {isa = PBXFileReference; lastKnownFileType = sourcecode.swift; path = RoomIDInputView.swift; sourceTree = "<group>"; };
		377852F1291D380A00780E8D /* ContainerView.swift */ = {isa = PBXFileReference; lastKnownFileType = sourcecode.swift; path = ContainerView.swift; sourceTree = "<group>"; };
		377852F3291E29CC00780E8D /* WaitingRoomViewController.swift */ = {isa = PBXFileReference; lastKnownFileType = sourcecode.swift; path = WaitingRoomViewController.swift; sourceTree = "<group>"; };
		377852F5291E302600780E8D /* AttendeeCell.swift */ = {isa = PBXFileReference; lastKnownFileType = sourcecode.swift; path = AttendeeCell.swift; sourceTree = "<group>"; };
		377852F7291E6A6500780E8D /* LivePick.swift */ = {isa = PBXFileReference; lastKnownFileType = sourcecode.swift; path = LivePick.swift; sourceTree = "<group>"; };
		377852FB291FCF6300780E8D /* LivePickingViewController.swift */ = {isa = PBXFileReference; lastKnownFileType = sourcecode.swift; path = LivePickingViewController.swift; sourceTree = "<group>"; };
		377852FD2920921600780E8D /* LiveOptionsViewController.swift */ = {isa = PBXFileReference; lastKnownFileType = sourcecode.swift; path = LiveOptionsViewController.swift; sourceTree = "<group>"; };
		377852FF2920A41100780E8D /* ChoiceCell.swift */ = {isa = PBXFileReference; lastKnownFileType = sourcecode.swift; path = ChoiceCell.swift; sourceTree = "<group>"; };
		37B5D8962911FC1800A7BC98 /* PickerEditorViewController.swift */ = {isa = PBXFileReference; lastKnownFileType = sourcecode.swift; path = PickerEditorViewController.swift; sourceTree = "<group>"; };
		37D575802913A1C600DC344D /* PickerSelection.storyboard */ = {isa = PBXFileReference; lastKnownFileType = file.storyboard; path = PickerSelection.storyboard; sourceTree = "<group>"; };
		37D575832913AFEA00DC344D /* PickSelectionCell.swift */ = {isa = PBXFileReference; lastKnownFileType = sourcecode.swift; path = PickSelectionCell.swift; sourceTree = "<group>"; };
		37D575852913B02900DC344D /* PickerSelectionViewController.swift */ = {isa = PBXFileReference; lastKnownFileType = sourcecode.swift; path = PickerSelectionViewController.swift; sourceTree = "<group>"; };
		37D575872914B51F00DC344D /* Relationship.storyboard */ = {isa = PBXFileReference; lastKnownFileType = file.storyboard; path = Relationship.storyboard; sourceTree = "<group>"; };
		37D575892914C25300DC344D /* PickResultCell.swift */ = {isa = PBXFileReference; lastKnownFileType = sourcecode.swift; path = PickResultCell.swift; sourceTree = "<group>"; };
		37D5758B2914DFF800DC344D /* PickResultViewController.swift */ = {isa = PBXFileReference; lastKnownFileType = sourcecode.swift; path = PickResultViewController.swift; sourceTree = "<group>"; };
		37D5758D2914EA8200DC344D /* PickCommentsCell.swift */ = {isa = PBXFileReference; lastKnownFileType = sourcecode.swift; path = PickCommentsCell.swift; sourceTree = "<group>"; };
		37D5758F29153AAF00DC344D /* SearchIDViewController.swift */ = {isa = PBXFileReference; lastKnownFileType = sourcecode.swift; path = SearchIDViewController.swift; sourceTree = "<group>"; };
		37D5759129153F0600DC344D /* FriendSelectViewController.swift */ = {isa = PBXFileReference; lastKnownFileType = sourcecode.swift; path = FriendSelectViewController.swift; sourceTree = "<group>"; };
		37D5759329153F3F00DC344D /* GroupCreateViewController.swift */ = {isa = PBXFileReference; lastKnownFileType = sourcecode.swift; path = GroupCreateViewController.swift; sourceTree = "<group>"; };
		37D5759529154B1E00DC344D /* Result.swift */ = {isa = PBXFileReference; lastKnownFileType = sourcecode.swift; path = Result.swift; sourceTree = "<group>"; };
		37D5759729154B3400DC344D /* User.swift */ = {isa = PBXFileReference; lastKnownFileType = sourcecode.swift; path = User.swift; sourceTree = "<group>"; };
		37DE8AA0290C15C900F737A7 /* SlobPicker.app */ = {isa = PBXFileReference; explicitFileType = wrapper.application; includeInIndex = 0; path = SlobPicker.app; sourceTree = BUILT_PRODUCTS_DIR; };
		37DE8AA3290C15C900F737A7 /* AppDelegate.swift */ = {isa = PBXFileReference; lastKnownFileType = sourcecode.swift; path = AppDelegate.swift; sourceTree = "<group>"; };
		37DE8AA5290C15C900F737A7 /* SceneDelegate.swift */ = {isa = PBXFileReference; lastKnownFileType = sourcecode.swift; path = SceneDelegate.swift; sourceTree = "<group>"; };
		37DE8AA7290C15C900F737A7 /* ViewController.swift */ = {isa = PBXFileReference; lastKnownFileType = sourcecode.swift; path = ViewController.swift; sourceTree = "<group>"; };
		37DE8AAA290C15C900F737A7 /* Base */ = {isa = PBXFileReference; lastKnownFileType = file.storyboard; name = Base; path = Base.lproj/Main.storyboard; sourceTree = "<group>"; };
		37DE8AAC290C15CA00F737A7 /* Assets.xcassets */ = {isa = PBXFileReference; lastKnownFileType = folder.assetcatalog; path = Assets.xcassets; sourceTree = "<group>"; };
		37DE8AAF290C15CA00F737A7 /* Base */ = {isa = PBXFileReference; lastKnownFileType = file.storyboard; name = Base; path = Base.lproj/LaunchScreen.storyboard; sourceTree = "<group>"; };
		37DE8AB1290C15CA00F737A7 /* Info.plist */ = {isa = PBXFileReference; lastKnownFileType = text.plist.xml; path = Info.plist; sourceTree = "<group>"; };
		37DE8AE0290EBC0F00F737A7 /* Interaction.storyboard */ = {isa = PBXFileReference; lastKnownFileType = file.storyboard; path = Interaction.storyboard; sourceTree = "<group>"; };
		37DE8AE2290EBC3300F737A7 /* PickViewController.swift */ = {isa = PBXFileReference; lastKnownFileType = sourcecode.swift; path = PickViewController.swift; sourceTree = "<group>"; };
		37DE8AEB290FCC5000F737A7 /* TitleCell.swift */ = {isa = PBXFileReference; lastKnownFileType = sourcecode.swift; path = TitleCell.swift; sourceTree = "<group>"; };
		37DE8AED290FCC7200F737A7 /* ChooseCell.swift */ = {isa = PBXFileReference; lastKnownFileType = sourcecode.swift; path = ChooseCell.swift; sourceTree = "<group>"; };
		37DE8AF1290FCCAE00F737A7 /* AdditionCell.swift */ = {isa = PBXFileReference; lastKnownFileType = sourcecode.swift; path = AdditionCell.swift; sourceTree = "<group>"; };
		37DE8AF3290FD67600F737A7 /* SPConstant.swift */ = {isa = PBXFileReference; lastKnownFileType = sourcecode.swift; path = SPConstant.swift; sourceTree = "<group>"; };
		37DE8AF5290FF02700F737A7 /* KingFisherWrapper.swift */ = {isa = PBXFileReference; lastKnownFileType = sourcecode.swift; path = KingFisherWrapper.swift; sourceTree = "<group>"; };
		37DE8AF72910047100F737A7 /* GoogleService-Info.plist */ = {isa = PBXFileReference; fileEncoding = 4; lastKnownFileType = text.plist.xml; path = "GoogleService-Info.plist"; sourceTree = "<group>"; };
		37DE8AFA29100D6D00F737A7 /* FirebaseManager.swift */ = {isa = PBXFileReference; lastKnownFileType = sourcecode.swift; path = FirebaseManager.swift; sourceTree = "<group>"; };
		37DE8AFC2910B22F00F737A7 /* PickObject.swift */ = {isa = PBXFileReference; lastKnownFileType = sourcecode.swift; path = PickObject.swift; sourceTree = "<group>"; };
		37DE8AFF2910C70E00F737A7 /* DateHelper.swift */ = {isa = PBXFileReference; lastKnownFileType = sourcecode.swift; path = DateHelper.swift; sourceTree = "<group>"; };
		3A183DDFBE50ADA2DBC30D2B /* Pods-SlobPicker.debug.xcconfig */ = {isa = PBXFileReference; includeInIndex = 1; lastKnownFileType = text.xcconfig; name = "Pods-SlobPicker.debug.xcconfig"; path = "Target Support Files/Pods-SlobPicker/Pods-SlobPicker.debug.xcconfig"; sourceTree = "<group>"; };
		3B3A68163028A6C8CE69C6B6 /* Pods-SlobPicker.release.xcconfig */ = {isa = PBXFileReference; includeInIndex = 1; lastKnownFileType = text.xcconfig; name = "Pods-SlobPicker.release.xcconfig"; path = "Target Support Files/Pods-SlobPicker/Pods-SlobPicker.release.xcconfig"; sourceTree = "<group>"; };
		D74FDCDA9473C3D8A598ED09 /* Pods_SlobPicker.framework */ = {isa = PBXFileReference; explicitFileType = wrapper.framework; includeInIndex = 0; path = Pods_SlobPicker.framework; sourceTree = BUILT_PRODUCTS_DIR; };
/* End PBXFileReference section */

/* Begin PBXFrameworksBuildPhase section */
		37DE8A9D290C15C900F737A7 /* Frameworks */ = {
			isa = PBXFrameworksBuildPhase;
			buildActionMask = 2147483647;
			files = (
				CDCCED94BD824C2880F3CCF9 /* Pods_SlobPicker.framework in Frameworks */,
			);
			runOnlyForDeploymentPostprocessing = 0;
		};
/* End PBXFrameworksBuildPhase section */

/* Begin PBXGroup section */
		3708B036291901E700397035 /* Public */ = {
			isa = PBXGroup;
			children = (
				3708B0372919021B00397035 /* HotCell.swift */,
				3708B03929192C4E00397035 /* HotPickersCell.swift */,
			);
			path = Public;
			sourceTree = "<group>";
		};
		377852EC291D0AEB00780E8D /* LivePick */ = {
			isa = PBXGroup;
			children = (
				377852ED291D0B6100780E8D /* RoomIDInputView.xib */,
				377852EF291D0BEA00780E8D /* RoomIDInputView.swift */,
				377852F1291D380A00780E8D /* ContainerView.swift */,
				377852F5291E302600780E8D /* AttendeeCell.swift */,
				377852FF2920A41100780E8D /* ChoiceCell.swift */,
			);
			path = LivePick;
			sourceTree = "<group>";
		};
		37B5D8982911FD2F00A7BC98 /* PickEditorView */ = {
			isa = PBXGroup;
			children = (
				372AE2FA29126055007D677B /* TitleInputCell.swift */,
				372AE2FC2912606D007D677B /* TextOptionsCell.swift */,
				372AE2FE29126088007D677B /* ImageOptionsCell.swift */,
				372AE30029127616007D677B /* TargetSettingCell.swift */,
			);
			path = PickEditorView;
			sourceTree = "<group>";
		};
		37D575822913AFD700DC344D /* PickSelection */ = {
			isa = PBXGroup;
			children = (
				37D575832913AFEA00DC344D /* PickSelectionCell.swift */,
				37D575892914C25300DC344D /* PickResultCell.swift */,
				37D5758D2914EA8200DC344D /* PickCommentsCell.swift */,
			);
			path = PickSelection;
			sourceTree = "<group>";
		};
		37D57599291656CB00DC344D /* FriendSelectView */ = {
			isa = PBXGroup;
			children = (
				371C17572916572E00B3B115 /* FriendSelectCell.swift */,
			);
			path = FriendSelectView;
			sourceTree = "<group>";
		};
		37DE8A97290C15C900F737A7 = {
			isa = PBXGroup;
			children = (
				37DE8AA2290C15C900F737A7 /* SlobPicker */,
				37DE8AA1290C15C900F737A7 /* Products */,
				91CC7ECF0DD89D90EBEB568E /* Pods */,
				BDEE79A50642C134294C9D25 /* Frameworks */,
			);
			sourceTree = "<group>";
		};
		37DE8AA1290C15C900F737A7 /* Products */ = {
			isa = PBXGroup;
			children = (
				37DE8AA0290C15C900F737A7 /* SlobPicker.app */,
			);
			name = Products;
			sourceTree = "<group>";
		};
		37DE8AA2290C15C900F737A7 /* SlobPicker */ = {
			isa = PBXGroup;
			children = (
				37DE8AFE2910C6FE00F737A7 /* Helper */,
				37DE8ADD290EA5C900F737A7 /* Third Party Wrapper */,
				37DE8AF929100D5B00F737A7 /* Network */,
				37DE8ADE290EA5DA00F737A7 /* Resources */,
				37DE8ADC290EA55D00F737A7 /* Model */,
				37DE8ADB290EA55800F737A7 /* View */,
				37DE8ADA290EA55000F737A7 /* Controller */,
				37DE8AA3290C15C900F737A7 /* AppDelegate.swift */,
				37DE8AA5290C15C900F737A7 /* SceneDelegate.swift */,
				37DE8AB1290C15CA00F737A7 /* Info.plist */,
			);
			path = SlobPicker;
			sourceTree = "<group>";
		};
		37DE8ADA290EA55000F737A7 /* Controller */ = {
			isa = PBXGroup;
			children = (
				37DE8AA7290C15C900F737A7 /* ViewController.swift */,
				377852FB291FCF6300780E8D /* LivePickingViewController.swift */,
				377852F3291E29CC00780E8D /* WaitingRoomViewController.swift */,
				377852E8291CE85C00780E8D /* EntranceViewController.swift */,
				3708B0342918FC6B00397035 /* PublicViewController.swift */,
				37D5758B2914DFF800DC344D /* PickResultViewController.swift */,
				3708B0302918157C00397035 /* LoginViewController.swift */,
				37D575852913B02900DC344D /* PickerSelectionViewController.swift */,
				37DE8AE2290EBC3300F737A7 /* PickViewController.swift */,
				37B5D8962911FC1800A7BC98 /* PickerEditorViewController.swift */,
				37D5758F29153AAF00DC344D /* SearchIDViewController.swift */,
				37D5759129153F0600DC344D /* FriendSelectViewController.swift */,
				37D5759329153F3F00DC344D /* GroupCreateViewController.swift */,
				377852FD2920921600780E8D /* LiveOptionsViewController.swift */,
			);
			path = Controller;
			sourceTree = "<group>";
		};
		37DE8ADB290EA55800F737A7 /* View */ = {
			isa = PBXGroup;
			children = (
				377852EC291D0AEB00780E8D /* LivePick */,
				3708B036291901E700397035 /* Public */,
				37D57599291656CB00DC344D /* FriendSelectView */,
				37D575822913AFD700DC344D /* PickSelection */,
				37B5D8982911FD2F00A7BC98 /* PickEditorView */,
				37DE8AEA290FCC3000F737A7 /* PickView */,
				37DE8AA9290C15C900F737A7 /* Main.storyboard */,
				37D575802913A1C600DC344D /* PickerSelection.storyboard */,
				37DE8AE0290EBC0F00F737A7 /* Interaction.storyboard */,
				37D575872914B51F00DC344D /* Relationship.storyboard */,
				37DE8AAE290C15CA00F737A7 /* LaunchScreen.storyboard */,
				3708B0322918FC5700397035 /* Public.storyboard */,
			);
			path = View;
			sourceTree = "<group>";
		};
		37DE8ADC290EA55D00F737A7 /* Model */ = {
			isa = PBXGroup;
			children = (
				37DE8AFC2910B22F00F737A7 /* PickObject.swift */,
				37D5759529154B1E00DC344D /* Result.swift */,
				37D5759729154B3400DC344D /* User.swift */,
				3711414F29169CFB00C567EF /* Group.swift */,
				377852F7291E6A6500780E8D /* LivePick.swift */,
			);
			path = Model;
			sourceTree = "<group>";
		};
		37DE8ADD290EA5C900F737A7 /* Third Party Wrapper */ = {
			isa = PBXGroup;
			children = (
				37DE8AF5290FF02700F737A7 /* KingFisherWrapper.swift */,
			);
			path = "Third Party Wrapper";
			sourceTree = "<group>";
		};
		37DE8ADE290EA5DA00F737A7 /* Resources */ = {
			isa = PBXGroup;
			children = (
				37DE8AAC290C15CA00F737A7 /* Assets.xcassets */,
				37DE8AF3290FD67600F737A7 /* SPConstant.swift */,
				37DE8AF72910047100F737A7 /* GoogleService-Info.plist */,
			);
			path = Resources;
			sourceTree = "<group>";
		};
		37DE8AEA290FCC3000F737A7 /* PickView */ = {
			isa = PBXGroup;
			children = (
				37DE8AEB290FCC5000F737A7 /* TitleCell.swift */,
				37DE8AED290FCC7200F737A7 /* ChooseCell.swift */,
				37DE8AF1290FCCAE00F737A7 /* AdditionCell.swift */,
			);
			path = PickView;
			sourceTree = "<group>";
		};
		37DE8AF929100D5B00F737A7 /* Network */ = {
			isa = PBXGroup;
			children = (
				37DE8AFA29100D6D00F737A7 /* FirebaseManager.swift */,
			);
			path = Network;
			sourceTree = "<group>";
		};
		37DE8AFE2910C6FE00F737A7 /* Helper */ = {
			isa = PBXGroup;
			children = (
				37DE8AFF2910C70E00F737A7 /* DateHelper.swift */,
			);
			path = Helper;
			sourceTree = "<group>";
		};
		91CC7ECF0DD89D90EBEB568E /* Pods */ = {
			isa = PBXGroup;
			children = (
				3A183DDFBE50ADA2DBC30D2B /* Pods-SlobPicker.debug.xcconfig */,
				3B3A68163028A6C8CE69C6B6 /* Pods-SlobPicker.release.xcconfig */,
			);
			path = Pods;
			sourceTree = "<group>";
		};
		BDEE79A50642C134294C9D25 /* Frameworks */ = {
			isa = PBXGroup;
			children = (
				372AE302291290CE007D677B /* iOSDropDown.framework */,
				D74FDCDA9473C3D8A598ED09 /* Pods_SlobPicker.framework */,
			);
			name = Frameworks;
			sourceTree = "<group>";
		};
/* End PBXGroup section */

/* Begin PBXNativeTarget section */
		37DE8A9F290C15C900F737A7 /* SlobPicker */ = {
			isa = PBXNativeTarget;
			buildConfigurationList = 37DE8AB4290C15CA00F737A7 /* Build configuration list for PBXNativeTarget "SlobPicker" */;
			buildPhases = (
				1DBEFDD111DD7F6D0C738DF6 /* [CP] Check Pods Manifest.lock */,
				37DE8A9C290C15C900F737A7 /* Sources */,
				37DE8A9D290C15C900F737A7 /* Frameworks */,
				37DE8A9E290C15C900F737A7 /* Resources */,
				49AEB7B209886244577059D7 /* [CP] Embed Pods Frameworks */,
			);
			buildRules = (
			);
			dependencies = (
			);
			name = SlobPicker;
			productName = SlobPicker;
			productReference = 37DE8AA0290C15C900F737A7 /* SlobPicker.app */;
			productType = "com.apple.product-type.application";
		};
/* End PBXNativeTarget section */

/* Begin PBXProject section */
		37DE8A98290C15C900F737A7 /* Project object */ = {
			isa = PBXProject;
			attributes = {
				BuildIndependentTargetsInParallel = 1;
				LastSwiftUpdateCheck = 1400;
				LastUpgradeCheck = 1400;
				TargetAttributes = {
					37DE8A9F290C15C900F737A7 = {
						CreatedOnToolsVersion = 14.0.1;
					};
				};
			};
			buildConfigurationList = 37DE8A9B290C15C900F737A7 /* Build configuration list for PBXProject "SlobPicker" */;
			compatibilityVersion = "Xcode 14.0";
			developmentRegion = en;
			hasScannedForEncodings = 0;
			knownRegions = (
				en,
				Base,
			);
			mainGroup = 37DE8A97290C15C900F737A7;
			productRefGroup = 37DE8AA1290C15C900F737A7 /* Products */;
			projectDirPath = "";
			projectRoot = "";
			targets = (
				37DE8A9F290C15C900F737A7 /* SlobPicker */,
			);
		};
/* End PBXProject section */

/* Begin PBXResourcesBuildPhase section */
		37DE8A9E290C15C900F737A7 /* Resources */ = {
			isa = PBXResourcesBuildPhase;
			buildActionMask = 2147483647;
			files = (
				377852EE291D0B6100780E8D /* RoomIDInputView.xib in Resources */,
				37DE8AE1290EBC0F00F737A7 /* Interaction.storyboard in Resources */,
				37DE8AB0290C15CA00F737A7 /* LaunchScreen.storyboard in Resources */,
				37D575882914B51F00DC344D /* Relationship.storyboard in Resources */,
				37DE8AF82910047100F737A7 /* GoogleService-Info.plist in Resources */,
				37D575812913A1C600DC344D /* PickerSelection.storyboard in Resources */,
				37DE8AAD290C15CA00F737A7 /* Assets.xcassets in Resources */,
				37DE8AAB290C15C900F737A7 /* Main.storyboard in Resources */,
				3708B0332918FC5700397035 /* Public.storyboard in Resources */,
			);
			runOnlyForDeploymentPostprocessing = 0;
		};
/* End PBXResourcesBuildPhase section */

/* Begin PBXShellScriptBuildPhase section */
		1DBEFDD111DD7F6D0C738DF6 /* [CP] Check Pods Manifest.lock */ = {
			isa = PBXShellScriptBuildPhase;
			buildActionMask = 2147483647;
			files = (
			);
			inputFileListPaths = (
			);
			inputPaths = (
				"${PODS_PODFILE_DIR_PATH}/Podfile.lock",
				"${PODS_ROOT}/Manifest.lock",
			);
			name = "[CP] Check Pods Manifest.lock";
			outputFileListPaths = (
			);
			outputPaths = (
				"$(DERIVED_FILE_DIR)/Pods-SlobPicker-checkManifestLockResult.txt",
			);
			runOnlyForDeploymentPostprocessing = 0;
			shellPath = /bin/sh;
			shellScript = "diff \"${PODS_PODFILE_DIR_PATH}/Podfile.lock\" \"${PODS_ROOT}/Manifest.lock\" > /dev/null\nif [ $? != 0 ] ; then\n    # print error to STDERR\n    echo \"error: The sandbox is not in sync with the Podfile.lock. Run 'pod install' or update your CocoaPods installation.\" >&2\n    exit 1\nfi\n# This output is used by Xcode 'outputs' to avoid re-running this script phase.\necho \"SUCCESS\" > \"${SCRIPT_OUTPUT_FILE_0}\"\n";
			showEnvVarsInLog = 0;
		};
		49AEB7B209886244577059D7 /* [CP] Embed Pods Frameworks */ = {
			isa = PBXShellScriptBuildPhase;
			buildActionMask = 2147483647;
			files = (
			);
			inputFileListPaths = (
				"${PODS_ROOT}/Target Support Files/Pods-SlobPicker/Pods-SlobPicker-frameworks-${CONFIGURATION}-input-files.xcfilelist",
			);
			name = "[CP] Embed Pods Frameworks";
			outputFileListPaths = (
				"${PODS_ROOT}/Target Support Files/Pods-SlobPicker/Pods-SlobPicker-frameworks-${CONFIGURATION}-output-files.xcfilelist",
			);
			runOnlyForDeploymentPostprocessing = 0;
			shellPath = /bin/sh;
			shellScript = "\"${PODS_ROOT}/Target Support Files/Pods-SlobPicker/Pods-SlobPicker-frameworks.sh\"\n";
			showEnvVarsInLog = 0;
		};
/* End PBXShellScriptBuildPhase section */

/* Begin PBXSourcesBuildPhase section */
		37DE8A9C290C15C900F737A7 /* Sources */ = {
			isa = PBXSourcesBuildPhase;
			buildActionMask = 2147483647;
			files = (
				372AE2FF29126088007D677B /* ImageOptionsCell.swift in Sources */,
				377852F6291E302600780E8D /* AttendeeCell.swift in Sources */,
				371C17582916572E00B3B115 /* FriendSelectCell.swift in Sources */,
				377852FE2920921600780E8D /* LiveOptionsViewController.swift in Sources */,
				37D5759429153F3F00DC344D /* GroupCreateViewController.swift in Sources */,
				37DE8AA8290C15C900F737A7 /* ViewController.swift in Sources */,
				37DE8AF2290FCCAE00F737A7 /* AdditionCell.swift in Sources */,
				37DE8AFB29100D6D00F737A7 /* FirebaseManager.swift in Sources */,
				37D5759829154B3400DC344D /* User.swift in Sources */,
				377852F0291D0BEA00780E8D /* RoomIDInputView.swift in Sources */,
				372AE2FB29126055007D677B /* TitleInputCell.swift in Sources */,
				37D5758A2914C25300DC344D /* PickResultCell.swift in Sources */,
				377852E9291CE85C00780E8D /* EntranceViewController.swift in Sources */,
				3708B03A29192C4E00397035 /* HotPickersCell.swift in Sources */,
				372AE30129127616007D677B /* TargetSettingCell.swift in Sources */,
				37DE8AFD2910B22F00F737A7 /* PickObject.swift in Sources */,
				37DE8AE3290EBC3300F737A7 /* PickViewController.swift in Sources */,
				37DE8AEC290FCC5000F737A7 /* TitleCell.swift in Sources */,
				37DE8AEE290FCC7200F737A7 /* ChooseCell.swift in Sources */,
				37DE8AF6290FF02700F737A7 /* KingFisherWrapper.swift in Sources */,
				37D5758E2914EA8200DC344D /* PickCommentsCell.swift in Sources */,
				37D5759629154B1E00DC344D /* Result.swift in Sources */,
				377852F2291D380A00780E8D /* ContainerView.swift in Sources */,
				377852FC291FCF6300780E8D /* LivePickingViewController.swift in Sources */,
				37DE8AA4290C15C900F737A7 /* AppDelegate.swift in Sources */,
				3708B0352918FC6B00397035 /* PublicViewController.swift in Sources */,
				377853002920A41100780E8D /* ChoiceCell.swift in Sources */,
				3708B0382919021B00397035 /* HotCell.swift in Sources */,
				3708B0312918157C00397035 /* LoginViewController.swift in Sources */,
				37DE8B002910C70E00F737A7 /* DateHelper.swift in Sources */,
				37DE8AA6290C15C900F737A7 /* SceneDelegate.swift in Sources */,
				37D5758C2914DFF800DC344D /* PickResultViewController.swift in Sources */,
				37B5D8972911FC1800A7BC98 /* PickerEditorViewController.swift in Sources */,
				3711415029169CFB00C567EF /* Group.swift in Sources */,
				37D575862913B02900DC344D /* PickerSelectionViewController.swift in Sources */,
				37D575842913AFEA00DC344D /* PickSelectionCell.swift in Sources */,
				377852F8291E6A6500780E8D /* LivePick.swift in Sources */,
				37D5759229153F0600DC344D /* FriendSelectViewController.swift in Sources */,
				377852F4291E29CC00780E8D /* WaitingRoomViewController.swift in Sources */,
				37DE8AF4290FD67600F737A7 /* SPConstant.swift in Sources */,
				37D5759029153AAF00DC344D /* SearchIDViewController.swift in Sources */,
				372AE2FD2912606D007D677B /* TextOptionsCell.swift in Sources */,
			);
			runOnlyForDeploymentPostprocessing = 0;
		};
/* End PBXSourcesBuildPhase section */

/* Begin PBXVariantGroup section */
		37DE8AA9290C15C900F737A7 /* Main.storyboard */ = {
			isa = PBXVariantGroup;
			children = (
				37DE8AAA290C15C900F737A7 /* Base */,
			);
			name = Main.storyboard;
			sourceTree = "<group>";
		};
		37DE8AAE290C15CA00F737A7 /* LaunchScreen.storyboard */ = {
			isa = PBXVariantGroup;
			children = (
				37DE8AAF290C15CA00F737A7 /* Base */,
			);
			name = LaunchScreen.storyboard;
			sourceTree = "<group>";
		};
/* End PBXVariantGroup section */

/* Begin XCBuildConfiguration section */
		37DE8AB2290C15CA00F737A7 /* Debug */ = {
			isa = XCBuildConfiguration;
			buildSettings = {
				ALWAYS_SEARCH_USER_PATHS = NO;
				CLANG_ANALYZER_NONNULL = YES;
				CLANG_ANALYZER_NUMBER_OBJECT_CONVERSION = YES_AGGRESSIVE;
				CLANG_CXX_LANGUAGE_STANDARD = "gnu++20";
				CLANG_ENABLE_MODULES = YES;
				CLANG_ENABLE_OBJC_ARC = YES;
				CLANG_ENABLE_OBJC_WEAK = YES;
				CLANG_WARN_BLOCK_CAPTURE_AUTORELEASING = YES;
				CLANG_WARN_BOOL_CONVERSION = YES;
				CLANG_WARN_COMMA = YES;
				CLANG_WARN_CONSTANT_CONVERSION = YES;
				CLANG_WARN_DEPRECATED_OBJC_IMPLEMENTATIONS = YES;
				CLANG_WARN_DIRECT_OBJC_ISA_USAGE = YES_ERROR;
				CLANG_WARN_DOCUMENTATION_COMMENTS = YES;
				CLANG_WARN_EMPTY_BODY = YES;
				CLANG_WARN_ENUM_CONVERSION = YES;
				CLANG_WARN_INFINITE_RECURSION = YES;
				CLANG_WARN_INT_CONVERSION = YES;
				CLANG_WARN_NON_LITERAL_NULL_CONVERSION = YES;
				CLANG_WARN_OBJC_IMPLICIT_RETAIN_SELF = YES;
				CLANG_WARN_OBJC_LITERAL_CONVERSION = YES;
				CLANG_WARN_OBJC_ROOT_CLASS = YES_ERROR;
				CLANG_WARN_QUOTED_INCLUDE_IN_FRAMEWORK_HEADER = YES;
				CLANG_WARN_RANGE_LOOP_ANALYSIS = YES;
				CLANG_WARN_STRICT_PROTOTYPES = YES;
				CLANG_WARN_SUSPICIOUS_MOVE = YES;
				CLANG_WARN_UNGUARDED_AVAILABILITY = YES_AGGRESSIVE;
				CLANG_WARN_UNREACHABLE_CODE = YES;
				CLANG_WARN__DUPLICATE_METHOD_MATCH = YES;
				COPY_PHASE_STRIP = NO;
				DEBUG_INFORMATION_FORMAT = dwarf;
				ENABLE_STRICT_OBJC_MSGSEND = YES;
				ENABLE_TESTABILITY = YES;
				GCC_C_LANGUAGE_STANDARD = gnu11;
				GCC_DYNAMIC_NO_PIC = NO;
				GCC_NO_COMMON_BLOCKS = YES;
				GCC_OPTIMIZATION_LEVEL = 0;
				GCC_PREPROCESSOR_DEFINITIONS = (
					"DEBUG=1",
					"$(inherited)",
				);
				GCC_WARN_64_TO_32_BIT_CONVERSION = YES;
				GCC_WARN_ABOUT_RETURN_TYPE = YES_ERROR;
				GCC_WARN_UNDECLARED_SELECTOR = YES;
				GCC_WARN_UNINITIALIZED_AUTOS = YES_AGGRESSIVE;
				GCC_WARN_UNUSED_FUNCTION = YES;
				GCC_WARN_UNUSED_VARIABLE = YES;
				IPHONEOS_DEPLOYMENT_TARGET = 14.0;
				MTL_ENABLE_DEBUG_INFO = INCLUDE_SOURCE;
				MTL_FAST_MATH = YES;
				ONLY_ACTIVE_ARCH = YES;
				SDKROOT = iphoneos;
				SWIFT_ACTIVE_COMPILATION_CONDITIONS = DEBUG;
				SWIFT_OPTIMIZATION_LEVEL = "-Onone";
			};
			name = Debug;
		};
		37DE8AB3290C15CA00F737A7 /* Release */ = {
			isa = XCBuildConfiguration;
			buildSettings = {
				ALWAYS_SEARCH_USER_PATHS = NO;
				CLANG_ANALYZER_NONNULL = YES;
				CLANG_ANALYZER_NUMBER_OBJECT_CONVERSION = YES_AGGRESSIVE;
				CLANG_CXX_LANGUAGE_STANDARD = "gnu++20";
				CLANG_ENABLE_MODULES = YES;
				CLANG_ENABLE_OBJC_ARC = YES;
				CLANG_ENABLE_OBJC_WEAK = YES;
				CLANG_WARN_BLOCK_CAPTURE_AUTORELEASING = YES;
				CLANG_WARN_BOOL_CONVERSION = YES;
				CLANG_WARN_COMMA = YES;
				CLANG_WARN_CONSTANT_CONVERSION = YES;
				CLANG_WARN_DEPRECATED_OBJC_IMPLEMENTATIONS = YES;
				CLANG_WARN_DIRECT_OBJC_ISA_USAGE = YES_ERROR;
				CLANG_WARN_DOCUMENTATION_COMMENTS = YES;
				CLANG_WARN_EMPTY_BODY = YES;
				CLANG_WARN_ENUM_CONVERSION = YES;
				CLANG_WARN_INFINITE_RECURSION = YES;
				CLANG_WARN_INT_CONVERSION = YES;
				CLANG_WARN_NON_LITERAL_NULL_CONVERSION = YES;
				CLANG_WARN_OBJC_IMPLICIT_RETAIN_SELF = YES;
				CLANG_WARN_OBJC_LITERAL_CONVERSION = YES;
				CLANG_WARN_OBJC_ROOT_CLASS = YES_ERROR;
				CLANG_WARN_QUOTED_INCLUDE_IN_FRAMEWORK_HEADER = YES;
				CLANG_WARN_RANGE_LOOP_ANALYSIS = YES;
				CLANG_WARN_STRICT_PROTOTYPES = YES;
				CLANG_WARN_SUSPICIOUS_MOVE = YES;
				CLANG_WARN_UNGUARDED_AVAILABILITY = YES_AGGRESSIVE;
				CLANG_WARN_UNREACHABLE_CODE = YES;
				CLANG_WARN__DUPLICATE_METHOD_MATCH = YES;
				COPY_PHASE_STRIP = NO;
				DEBUG_INFORMATION_FORMAT = "dwarf-with-dsym";
				ENABLE_NS_ASSERTIONS = NO;
				ENABLE_STRICT_OBJC_MSGSEND = YES;
				GCC_C_LANGUAGE_STANDARD = gnu11;
				GCC_NO_COMMON_BLOCKS = YES;
				GCC_WARN_64_TO_32_BIT_CONVERSION = YES;
				GCC_WARN_ABOUT_RETURN_TYPE = YES_ERROR;
				GCC_WARN_UNDECLARED_SELECTOR = YES;
				GCC_WARN_UNINITIALIZED_AUTOS = YES_AGGRESSIVE;
				GCC_WARN_UNUSED_FUNCTION = YES;
				GCC_WARN_UNUSED_VARIABLE = YES;
				IPHONEOS_DEPLOYMENT_TARGET = 14.0;
				MTL_ENABLE_DEBUG_INFO = NO;
				MTL_FAST_MATH = YES;
				SDKROOT = iphoneos;
				SWIFT_COMPILATION_MODE = wholemodule;
				SWIFT_OPTIMIZATION_LEVEL = "-O";
				VALIDATE_PRODUCT = YES;
			};
			name = Release;
		};
		37DE8AB5290C15CA00F737A7 /* Debug */ = {
			isa = XCBuildConfiguration;
			baseConfigurationReference = 3A183DDFBE50ADA2DBC30D2B /* Pods-SlobPicker.debug.xcconfig */;
			buildSettings = {
				ASSETCATALOG_COMPILER_APPICON_NAME = AppIcon;
				ASSETCATALOG_COMPILER_GLOBAL_ACCENT_COLOR_NAME = AccentColor;
				CODE_SIGN_STYLE = Automatic;
				CURRENT_PROJECT_VERSION = 2;
				DEVELOPMENT_TEAM = FV92TC3KA2;
				EXCLUDED_ARCHS = "";
				"EXCLUDED_ARCHS[sdk=*]" = "";
				GENERATE_INFOPLIST_FILE = YES;
				INFOPLIST_FILE = SlobPicker/Info.plist;
				INFOPLIST_KEY_UIApplicationSupportsIndirectInputEvents = YES;
				INFOPLIST_KEY_UILaunchStoryboardName = LaunchScreen;
				INFOPLIST_KEY_UIMainStoryboardFile = Main;
				INFOPLIST_KEY_UIStatusBarStyle = "";
				INFOPLIST_KEY_UISupportedInterfaceOrientations = "UIInterfaceOrientationLandscapeLeft UIInterfaceOrientationLandscapeRight UIInterfaceOrientationPortrait UIInterfaceOrientationPortraitUpsideDown";
				IPHONEOS_DEPLOYMENT_TARGET = 14.0;
				LD_RUNPATH_SEARCH_PATHS = (
					"$(inherited)",
					"@executable_path/Frameworks",
				);
				MARKETING_VERSION = 0.1.1;
				PRODUCT_BUNDLE_IDENTIFIER = com.EricKong.SlobPicker;
				PRODUCT_NAME = "$(TARGET_NAME)";
				SUPPORTED_PLATFORMS = "iphoneos iphonesimulator";
				SUPPORTS_MACCATALYST = NO;
				SUPPORTS_MAC_DESIGNED_FOR_IPHONE_IPAD = NO;
				SWIFT_EMIT_LOC_STRINGS = YES;
				SWIFT_VERSION = 5.0;
				TARGETED_DEVICE_FAMILY = "1,2";
			};
			name = Debug;
		};
		37DE8AB6290C15CA00F737A7 /* Release */ = {
			isa = XCBuildConfiguration;
			baseConfigurationReference = 3B3A68163028A6C8CE69C6B6 /* Pods-SlobPicker.release.xcconfig */;
			buildSettings = {
				ASSETCATALOG_COMPILER_APPICON_NAME = AppIcon;
				ASSETCATALOG_COMPILER_GLOBAL_ACCENT_COLOR_NAME = AccentColor;
				CODE_SIGN_STYLE = Automatic;
				CURRENT_PROJECT_VERSION = 2;
				DEVELOPMENT_TEAM = FV92TC3KA2;
				EXCLUDED_ARCHS = "";
				GENERATE_INFOPLIST_FILE = YES;
				INFOPLIST_FILE = SlobPicker/Info.plist;
				INFOPLIST_KEY_UIApplicationSupportsIndirectInputEvents = YES;
				INFOPLIST_KEY_UILaunchStoryboardName = LaunchScreen;
				INFOPLIST_KEY_UIMainStoryboardFile = Main;
				INFOPLIST_KEY_UIStatusBarStyle = "";
				INFOPLIST_KEY_UISupportedInterfaceOrientations = "UIInterfaceOrientationLandscapeLeft UIInterfaceOrientationLandscapeRight UIInterfaceOrientationPortrait UIInterfaceOrientationPortraitUpsideDown";
				IPHONEOS_DEPLOYMENT_TARGET = 14.0;
				LD_RUNPATH_SEARCH_PATHS = (
					"$(inherited)",
					"@executable_path/Frameworks",
				);
				MARKETING_VERSION = 0.1.1;
				PRODUCT_BUNDLE_IDENTIFIER = com.EricKong.SlobPicker;
				PRODUCT_NAME = "$(TARGET_NAME)";
				SUPPORTED_PLATFORMS = "iphoneos iphonesimulator";
				SUPPORTS_MACCATALYST = NO;
				SUPPORTS_MAC_DESIGNED_FOR_IPHONE_IPAD = NO;
				SWIFT_EMIT_LOC_STRINGS = YES;
				SWIFT_VERSION = 5.0;
				TARGETED_DEVICE_FAMILY = "1,2";
			};
			name = Release;
		};
/* End XCBuildConfiguration section */

/* Begin XCConfigurationList section */
		37DE8A9B290C15C900F737A7 /* Build configuration list for PBXProject "SlobPicker" */ = {
			isa = XCConfigurationList;
			buildConfigurations = (
				37DE8AB2290C15CA00F737A7 /* Debug */,
				37DE8AB3290C15CA00F737A7 /* Release */,
			);
			defaultConfigurationIsVisible = 0;
			defaultConfigurationName = Release;
		};
		37DE8AB4290C15CA00F737A7 /* Build configuration list for PBXNativeTarget "SlobPicker" */ = {
			isa = XCConfigurationList;
			buildConfigurations = (
				37DE8AB5290C15CA00F737A7 /* Debug */,
				37DE8AB6290C15CA00F737A7 /* Release */,
			);
			defaultConfigurationIsVisible = 0;
			defaultConfigurationName = Release;
		};
/* End XCConfigurationList section */
	};
	rootObject = 37DE8A98290C15C900F737A7 /* Project object */;
}
