// !$*UTF8*$!
{
	archiveVersion = 1;
	classes = {
	};
	objectVersion = 56;
	objects = {

/* Begin PBXBuildFile section */
		37DE8AA4290C15C900F737A7 /* AppDelegate.swift in Sources */ = {isa = PBXBuildFile; fileRef = 37DE8AA3290C15C900F737A7 /* AppDelegate.swift */; };
		37DE8AA6290C15C900F737A7 /* SceneDelegate.swift in Sources */ = {isa = PBXBuildFile; fileRef = 37DE8AA5290C15C900F737A7 /* SceneDelegate.swift */; };
		37DE8AA8290C15C900F737A7 /* ViewController.swift in Sources */ = {isa = PBXBuildFile; fileRef = 37DE8AA7290C15C900F737A7 /* ViewController.swift */; };
		37DE8AAB290C15C900F737A7 /* Main.storyboard in Resources */ = {isa = PBXBuildFile; fileRef = 37DE8AA9290C15C900F737A7 /* Main.storyboard */; };
		37DE8AAD290C15CA00F737A7 /* Assets.xcassets in Resources */ = {isa = PBXBuildFile; fileRef = 37DE8AAC290C15CA00F737A7 /* Assets.xcassets */; };
		37DE8AB0290C15CA00F737A7 /* LaunchScreen.storyboard in Resources */ = {isa = PBXBuildFile; fileRef = 37DE8AAE290C15CA00F737A7 /* LaunchScreen.storyboard */; };
		37DE8AE1290EBC0F00F737A7 /* Functions.storyboard in Resources */ = {isa = PBXBuildFile; fileRef = 37DE8AE0290EBC0F00F737A7 /* Functions.storyboard */; };
		37DE8AE3290EBC3300F737A7 /* PickViewController.swift in Sources */ = {isa = PBXBuildFile; fileRef = 37DE8AE2290EBC3300F737A7 /* PickViewController.swift */; };
		37DE8AEC290FCC5000F737A7 /* TitleCell.swift in Sources */ = {isa = PBXBuildFile; fileRef = 37DE8AEB290FCC5000F737A7 /* TitleCell.swift */; };
		37DE8AEE290FCC7200F737A7 /* ChooseCell.swift in Sources */ = {isa = PBXBuildFile; fileRef = 37DE8AED290FCC7200F737A7 /* ChooseCell.swift */; };
		37DE8AF2290FCCAE00F737A7 /* AdditionCell.swift in Sources */ = {isa = PBXBuildFile; fileRef = 37DE8AF1290FCCAE00F737A7 /* AdditionCell.swift */; };
		37DE8AF4290FD67600F737A7 /* SPConstant.swift in Sources */ = {isa = PBXBuildFile; fileRef = 37DE8AF3290FD67600F737A7 /* SPConstant.swift */; };
		37DE8AF6290FF02700F737A7 /* KingFisherWrapper.swift in Sources */ = {isa = PBXBuildFile; fileRef = 37DE8AF5290FF02700F737A7 /* KingFisherWrapper.swift */; };
		37DE8AF82910047100F737A7 /* GoogleService-Info.plist in Resources */ = {isa = PBXBuildFile; fileRef = 37DE8AF72910047100F737A7 /* GoogleService-Info.plist */; };
		CDCCED94BD824C2880F3CCF9 /* Pods_SlobPicker.framework in Frameworks */ = {isa = PBXBuildFile; fileRef = D74FDCDA9473C3D8A598ED09 /* Pods_SlobPicker.framework */; };
/* End PBXBuildFile section */

/* Begin PBXFileReference section */
		37DE8AA0290C15C900F737A7 /* SlobPicker.app */ = {isa = PBXFileReference; explicitFileType = wrapper.application; includeInIndex = 0; path = SlobPicker.app; sourceTree = BUILT_PRODUCTS_DIR; };
		37DE8AA3290C15C900F737A7 /* AppDelegate.swift */ = {isa = PBXFileReference; lastKnownFileType = sourcecode.swift; path = AppDelegate.swift; sourceTree = "<group>"; };
		37DE8AA5290C15C900F737A7 /* SceneDelegate.swift */ = {isa = PBXFileReference; lastKnownFileType = sourcecode.swift; path = SceneDelegate.swift; sourceTree = "<group>"; };
		37DE8AA7290C15C900F737A7 /* ViewController.swift */ = {isa = PBXFileReference; lastKnownFileType = sourcecode.swift; path = ViewController.swift; sourceTree = "<group>"; };
		37DE8AAA290C15C900F737A7 /* Base */ = {isa = PBXFileReference; lastKnownFileType = file.storyboard; name = Base; path = Base.lproj/Main.storyboard; sourceTree = "<group>"; };
		37DE8AAC290C15CA00F737A7 /* Assets.xcassets */ = {isa = PBXFileReference; lastKnownFileType = folder.assetcatalog; path = Assets.xcassets; sourceTree = "<group>"; };
		37DE8AAF290C15CA00F737A7 /* Base */ = {isa = PBXFileReference; lastKnownFileType = file.storyboard; name = Base; path = Base.lproj/LaunchScreen.storyboard; sourceTree = "<group>"; };
		37DE8AB1290C15CA00F737A7 /* Info.plist */ = {isa = PBXFileReference; lastKnownFileType = text.plist.xml; path = Info.plist; sourceTree = "<group>"; };
		37DE8AE0290EBC0F00F737A7 /* Functions.storyboard */ = {isa = PBXFileReference; lastKnownFileType = file.storyboard; path = Functions.storyboard; sourceTree = "<group>"; };
		37DE8AE2290EBC3300F737A7 /* PickViewController.swift */ = {isa = PBXFileReference; lastKnownFileType = sourcecode.swift; path = PickViewController.swift; sourceTree = "<group>"; };
		37DE8AEB290FCC5000F737A7 /* TitleCell.swift */ = {isa = PBXFileReference; lastKnownFileType = sourcecode.swift; path = TitleCell.swift; sourceTree = "<group>"; };
		37DE8AED290FCC7200F737A7 /* ChooseCell.swift */ = {isa = PBXFileReference; lastKnownFileType = sourcecode.swift; path = ChooseCell.swift; sourceTree = "<group>"; };
		37DE8AF1290FCCAE00F737A7 /* AdditionCell.swift */ = {isa = PBXFileReference; lastKnownFileType = sourcecode.swift; path = AdditionCell.swift; sourceTree = "<group>"; };
		37DE8AF3290FD67600F737A7 /* SPConstant.swift */ = {isa = PBXFileReference; lastKnownFileType = sourcecode.swift; path = SPConstant.swift; sourceTree = "<group>"; };
		37DE8AF5290FF02700F737A7 /* KingFisherWrapper.swift */ = {isa = PBXFileReference; lastKnownFileType = sourcecode.swift; path = KingFisherWrapper.swift; sourceTree = "<group>"; };
		37DE8AF72910047100F737A7 /* GoogleService-Info.plist */ = {isa = PBXFileReference; fileEncoding = 4; lastKnownFileType = text.plist.xml; path = "GoogleService-Info.plist"; sourceTree = "<group>"; };
		3A183DDFBE50ADA2DBC30D2B /* Pods-SlobPicker.debug.xcconfig */ = {isa = PBXFileReference; includeInIndex = 1; lastKnownFileType = text.xcconfig; name = "Pods-SlobPicker.debug.xcconfig"; path = "Target Support Files/Pods-SlobPicker/Pods-SlobPicker.debug.xcconfig"; sourceTree = "<group>"; };
		3B3A68163028A6C8CE69C6B6 /* Pods-SlobPicker.release.xcconfig */ = {isa = PBXFileReference; includeInIndex = 1; lastKnownFileType = text.xcconfig; name = "Pods-SlobPicker.release.xcconfig"; path = "Target Support Files/Pods-SlobPicker/Pods-SlobPicker.release.xcconfig"; sourceTree = "<group>"; };
		D74FDCDA9473C3D8A598ED09 /* Pods_SlobPicker.framework */ = {isa = PBXFileReference; explicitFileType = wrapper.framework; includeInIndex = 0; path = Pods_SlobPicker.framework; sourceTree = BUILT_PRODUCTS_DIR; };
/* End PBXFileReference section */

/* Begin PBXFrameworksBuildPhase section */
		37DE8A9D290C15C900F737A7 /* Frameworks */ = {
			isa = PBXFrameworksBuildPhase;
			buildActionMask = 2147483647;
			files = (
				CDCCED94BD824C2880F3CCF9 /* Pods_SlobPicker.framework in Frameworks */,
			);
			runOnlyForDeploymentPostprocessing = 0;
		};
/* End PBXFrameworksBuildPhase section */

/* Begin PBXGroup section */
		37DE8A97290C15C900F737A7 = {
			isa = PBXGroup;
			children = (
				37DE8AA2290C15C900F737A7 /* SlobPicker */,
				37DE8AA1290C15C900F737A7 /* Products */,
				91CC7ECF0DD89D90EBEB568E /* Pods */,
				BDEE79A50642C134294C9D25 /* Frameworks */,
			);
			sourceTree = "<group>";
		};
		37DE8AA1290C15C900F737A7 /* Products */ = {
			isa = PBXGroup;
			children = (
				37DE8AA0290C15C900F737A7 /* SlobPicker.app */,
			);
			name = Products;
			sourceTree = "<group>";
		};
		37DE8AA2290C15C900F737A7 /* SlobPicker */ = {
			isa = PBXGroup;
			children = (
				37DE8ADF290EA5E300F737A7 /* Extension */,
				37DE8ADE290EA5DA00F737A7 /* Resources */,
				37DE8ADD290EA5C900F737A7 /* Third Party Wrapper */,
				37DE8ADC290EA55D00F737A7 /* Model */,
				37DE8ADB290EA55800F737A7 /* View */,
				37DE8ADA290EA55000F737A7 /* Controller */,
				37DE8AA3290C15C900F737A7 /* AppDelegate.swift */,
				37DE8AA5290C15C900F737A7 /* SceneDelegate.swift */,
				37DE8AB1290C15CA00F737A7 /* Info.plist */,
			);
			path = SlobPicker;
			sourceTree = "<group>";
		};
		37DE8ADA290EA55000F737A7 /* Controller */ = {
			isa = PBXGroup;
			children = (
				37DE8AA7290C15C900F737A7 /* ViewController.swift */,
				37DE8AE2290EBC3300F737A7 /* PickViewController.swift */,
			);
			path = Controller;
			sourceTree = "<group>";
		};
		37DE8ADB290EA55800F737A7 /* View */ = {
			isa = PBXGroup;
			children = (
				37DE8AEA290FCC3000F737A7 /* PickView */,
				37DE8AA9290C15C900F737A7 /* Main.storyboard */,
				37DE8AE0290EBC0F00F737A7 /* Functions.storyboard */,
				37DE8AAE290C15CA00F737A7 /* LaunchScreen.storyboard */,
			);
			path = View;
			sourceTree = "<group>";
		};
		37DE8ADC290EA55D00F737A7 /* Model */ = {
			isa = PBXGroup;
			children = (
			);
			path = Model;
			sourceTree = "<group>";
		};
		37DE8ADD290EA5C900F737A7 /* Third Party Wrapper */ = {
			isa = PBXGroup;
			children = (
				37DE8AF5290FF02700F737A7 /* KingFisherWrapper.swift */,
			);
			path = "Third Party Wrapper";
			sourceTree = "<group>";
		};
		37DE8ADE290EA5DA00F737A7 /* Resources */ = {
			isa = PBXGroup;
			children = (
				37DE8AAC290C15CA00F737A7 /* Assets.xcassets */,
				37DE8AF3290FD67600F737A7 /* SPConstant.swift */,
				37DE8AF72910047100F737A7 /* GoogleService-Info.plist */,
			);
			path = Resources;
			sourceTree = "<group>";
		};
		37DE8ADF290EA5E300F737A7 /* Extension */ = {
			isa = PBXGroup;
			children = (
			);
			path = Extension;
			sourceTree = "<group>";
		};
		37DE8AEA290FCC3000F737A7 /* PickView */ = {
			isa = PBXGroup;
			children = (
				37DE8AEB290FCC5000F737A7 /* TitleCell.swift */,
				37DE8AED290FCC7200F737A7 /* ChooseCell.swift */,
				37DE8AF1290FCCAE00F737A7 /* AdditionCell.swift */,
			);
			path = PickView;
			sourceTree = "<group>";
		};
		91CC7ECF0DD89D90EBEB568E /* Pods */ = {
			isa = PBXGroup;
			children = (
				3A183DDFBE50ADA2DBC30D2B /* Pods-SlobPicker.debug.xcconfig */,
				3B3A68163028A6C8CE69C6B6 /* Pods-SlobPicker.release.xcconfig */,
			);
			path = Pods;
			sourceTree = "<group>";
		};
		BDEE79A50642C134294C9D25 /* Frameworks */ = {
			isa = PBXGroup;
			children = (
				D74FDCDA9473C3D8A598ED09 /* Pods_SlobPicker.framework */,
			);
			name = Frameworks;
			sourceTree = "<group>";
		};
/* End PBXGroup section */

/* Begin PBXNativeTarget section */
		37DE8A9F290C15C900F737A7 /* SlobPicker */ = {
			isa = PBXNativeTarget;
			buildConfigurationList = 37DE8AB4290C15CA00F737A7 /* Build configuration list for PBXNativeTarget "SlobPicker" */;
			buildPhases = (
				1DBEFDD111DD7F6D0C738DF6 /* [CP] Check Pods Manifest.lock */,
				37DE8A9C290C15C900F737A7 /* Sources */,
				37DE8A9D290C15C900F737A7 /* Frameworks */,
				37DE8A9E290C15C900F737A7 /* Resources */,
				49AEB7B209886244577059D7 /* [CP] Embed Pods Frameworks */,
				37DE8AE9290FC21100F737A7 /* ShellScript */,
			);
			buildRules = (
			);
			dependencies = (
			);
			name = SlobPicker;
			productName = SlobPicker;
			productReference = 37DE8AA0290C15C900F737A7 /* SlobPicker.app */;
			productType = "com.apple.product-type.application";
		};
/* End PBXNativeTarget section */

/* Begin PBXProject section */
		37DE8A98290C15C900F737A7 /* Project object */ = {
			isa = PBXProject;
			attributes = {
				BuildIndependentTargetsInParallel = 1;
				LastSwiftUpdateCheck = 1400;
				LastUpgradeCheck = 1400;
				TargetAttributes = {
					37DE8A9F290C15C900F737A7 = {
						CreatedOnToolsVersion = 14.0.1;
					};
				};
			};
			buildConfigurationList = 37DE8A9B290C15C900F737A7 /* Build configuration list for PBXProject "SlobPicker" */;
			compatibilityVersion = "Xcode 14.0";
			developmentRegion = en;
			hasScannedForEncodings = 0;
			knownRegions = (
				en,
				Base,
			);
			mainGroup = 37DE8A97290C15C900F737A7;
			productRefGroup = 37DE8AA1290C15C900F737A7 /* Products */;
			projectDirPath = "";
			projectRoot = "";
			targets = (
				37DE8A9F290C15C900F737A7 /* SlobPicker */,
			);
		};
/* End PBXProject section */

/* Begin PBXResourcesBuildPhase section */
		37DE8A9E290C15C900F737A7 /* Resources */ = {
			isa = PBXResourcesBuildPhase;
			buildActionMask = 2147483647;
			files = (
				37DE8AE1290EBC0F00F737A7 /* Functions.storyboard in Resources */,
				37DE8AB0290C15CA00F737A7 /* LaunchScreen.storyboard in Resources */,
				37DE8AF82910047100F737A7 /* GoogleService-Info.plist in Resources */,
				37DE8AAD290C15CA00F737A7 /* Assets.xcassets in Resources */,
				37DE8AAB290C15C900F737A7 /* Main.storyboard in Resources */,
			);
			runOnlyForDeploymentPostprocessing = 0;
		};
/* End PBXResourcesBuildPhase section */

/* Begin PBXShellScriptBuildPhase section */
		1DBEFDD111DD7F6D0C738DF6 /* [CP] Check Pods Manifest.lock */ = {
			isa = PBXShellScriptBuildPhase;
			buildActionMask = 2147483647;
			files = (
			);
			inputFileListPaths = (
			);
			inputPaths = (
				"${PODS_PODFILE_DIR_PATH}/Podfile.lock",
				"${PODS_ROOT}/Manifest.lock",
			);
			name = "[CP] Check Pods Manifest.lock";
			outputFileListPaths = (
			);
			outputPaths = (
				"$(DERIVED_FILE_DIR)/Pods-SlobPicker-checkManifestLockResult.txt",
			);
			runOnlyForDeploymentPostprocessing = 0;
			shellPath = /bin/sh;
			shellScript = "diff \"${PODS_PODFILE_DIR_PATH}/Podfile.lock\" \"${PODS_ROOT}/Manifest.lock\" > /dev/null\nif [ $? != 0 ] ; then\n    # print error to STDERR\n    echo \"error: The sandbox is not in sync with the Podfile.lock. Run 'pod install' or update your CocoaPods installation.\" >&2\n    exit 1\nfi\n# This output is used by Xcode 'outputs' to avoid re-running this script phase.\necho \"SUCCESS\" > \"${SCRIPT_OUTPUT_FILE_0}\"\n";
			showEnvVarsInLog = 0;
		};
		37DE8AE9290FC21100F737A7 /* ShellScript */ = {
			isa = PBXShellScriptBuildPhase;
			buildActionMask = 2147483647;
			files = (
			);
			inputFileListPaths = (
			);
			inputPaths = (
			);
			outputFileListPaths = (
			);
			outputPaths = (
			);
			runOnlyForDeploymentPostprocessing = 0;
			shellPath = /bin/sh;
			shellScript = "\"${PODS_ROOT}/SwiftLint/swiftlint\"\n\n";
		};
		49AEB7B209886244577059D7 /* [CP] Embed Pods Frameworks */ = {
			isa = PBXShellScriptBuildPhase;
			buildActionMask = 2147483647;
			files = (
			);
			inputFileListPaths = (
				"${PODS_ROOT}/Target Support Files/Pods-SlobPicker/Pods-SlobPicker-frameworks-${CONFIGURATION}-input-files.xcfilelist",
			);
			name = "[CP] Embed Pods Frameworks";
			outputFileListPaths = (
				"${PODS_ROOT}/Target Support Files/Pods-SlobPicker/Pods-SlobPicker-frameworks-${CONFIGURATION}-output-files.xcfilelist",
			);
			runOnlyForDeploymentPostprocessing = 0;
			shellPath = /bin/sh;
			shellScript = "\"${PODS_ROOT}/Target Support Files/Pods-SlobPicker/Pods-SlobPicker-frameworks.sh\"\n";
			showEnvVarsInLog = 0;
		};
/* End PBXShellScriptBuildPhase section */

/* Begin PBXSourcesBuildPhase section */
		37DE8A9C290C15C900F737A7 /* Sources */ = {
			isa = PBXSourcesBuildPhase;
			buildActionMask = 2147483647;
			files = (
				37DE8AA8290C15C900F737A7 /* ViewController.swift in Sources */,
				37DE8AF2290FCCAE00F737A7 /* AdditionCell.swift in Sources */,
				37DE8AE3290EBC3300F737A7 /* PickViewController.swift in Sources */,
				37DE8AEC290FCC5000F737A7 /* TitleCell.swift in Sources */,
				37DE8AEE290FCC7200F737A7 /* ChooseCell.swift in Sources */,
				37DE8AF6290FF02700F737A7 /* KingFisherWrapper.swift in Sources */,
				37DE8AA4290C15C900F737A7 /* AppDelegate.swift in Sources */,
				37DE8AA6290C15C900F737A7 /* SceneDelegate.swift in Sources */,
				37DE8AF4290FD67600F737A7 /* SPConstant.swift in Sources */,
			);
			runOnlyForDeploymentPostprocessing = 0;
		};
/* End PBXSourcesBuildPhase section */

/* Begin PBXVariantGroup section */
		37DE8AA9290C15C900F737A7 /* Main.storyboard */ = {
			isa = PBXVariantGroup;
			children = (
				37DE8AAA290C15C900F737A7 /* Base */,
			);
			name = Main.storyboard;
			sourceTree = "<group>";
		};
		37DE8AAE290C15CA00F737A7 /* LaunchScreen.storyboard */ = {
			isa = PBXVariantGroup;
			children = (
				37DE8AAF290C15CA00F737A7 /* Base */,
			);
			name = LaunchScreen.storyboard;
			sourceTree = "<group>";
		};
/* End PBXVariantGroup section */

/* Begin XCBuildConfiguration section */
		37DE8AB2290C15CA00F737A7 /* Debug */ = {
			isa = XCBuildConfiguration;
			buildSettings = {
				ALWAYS_SEARCH_USER_PATHS = NO;
				CLANG_ANALYZER_NONNULL = YES;
				CLANG_ANALYZER_NUMBER_OBJECT_CONVERSION = YES_AGGRESSIVE;
				CLANG_CXX_LANGUAGE_STANDARD = "gnu++20";
				CLANG_ENABLE_MODULES = YES;
				CLANG_ENABLE_OBJC_ARC = YES;
				CLANG_ENABLE_OBJC_WEAK = YES;
				CLANG_WARN_BLOCK_CAPTURE_AUTORELEASING = YES;
				CLANG_WARN_BOOL_CONVERSION = YES;
				CLANG_WARN_COMMA = YES;
				CLANG_WARN_CONSTANT_CONVERSION = YES;
				CLANG_WARN_DEPRECATED_OBJC_IMPLEMENTATIONS = YES;
				CLANG_WARN_DIRECT_OBJC_ISA_USAGE = YES_ERROR;
				CLANG_WARN_DOCUMENTATION_COMMENTS = YES;
				CLANG_WARN_EMPTY_BODY = YES;
				CLANG_WARN_ENUM_CONVERSION = YES;
				CLANG_WARN_INFINITE_RECURSION = YES;
				CLANG_WARN_INT_CONVERSION = YES;
				CLANG_WARN_NON_LITERAL_NULL_CONVERSION = YES;
				CLANG_WARN_OBJC_IMPLICIT_RETAIN_SELF = YES;
				CLANG_WARN_OBJC_LITERAL_CONVERSION = YES;
				CLANG_WARN_OBJC_ROOT_CLASS = YES_ERROR;
				CLANG_WARN_QUOTED_INCLUDE_IN_FRAMEWORK_HEADER = YES;
				CLANG_WARN_RANGE_LOOP_ANALYSIS = YES;
				CLANG_WARN_STRICT_PROTOTYPES = YES;
				CLANG_WARN_SUSPICIOUS_MOVE = YES;
				CLANG_WARN_UNGUARDED_AVAILABILITY = YES_AGGRESSIVE;
				CLANG_WARN_UNREACHABLE_CODE = YES;
				CLANG_WARN__DUPLICATE_METHOD_MATCH = YES;
				COPY_PHASE_STRIP = NO;
				DEBUG_INFORMATION_FORMAT = dwarf;
				ENABLE_STRICT_OBJC_MSGSEND = YES;
				ENABLE_TESTABILITY = YES;
				GCC_C_LANGUAGE_STANDARD = gnu11;
				GCC_DYNAMIC_NO_PIC = NO;
				GCC_NO_COMMON_BLOCKS = YES;
				GCC_OPTIMIZATION_LEVEL = 0;
				GCC_PREPROCESSOR_DEFINITIONS = (
					"DEBUG=1",
					"$(inherited)",
				);
				GCC_WARN_64_TO_32_BIT_CONVERSION = YES;
				GCC_WARN_ABOUT_RETURN_TYPE = YES_ERROR;
				GCC_WARN_UNDECLARED_SELECTOR = YES;
				GCC_WARN_UNINITIALIZED_AUTOS = YES_AGGRESSIVE;
				GCC_WARN_UNUSED_FUNCTION = YES;
				GCC_WARN_UNUSED_VARIABLE = YES;
				IPHONEOS_DEPLOYMENT_TARGET = 14.0;
				MTL_ENABLE_DEBUG_INFO = INCLUDE_SOURCE;
				MTL_FAST_MATH = YES;
				ONLY_ACTIVE_ARCH = YES;
				SDKROOT = iphoneos;
				SWIFT_ACTIVE_COMPILATION_CONDITIONS = DEBUG;
				SWIFT_OPTIMIZATION_LEVEL = "-Onone";
			};
			name = Debug;
		};
		37DE8AB3290C15CA00F737A7 /* Release */ = {
			isa = XCBuildConfiguration;
			buildSettings = {
				ALWAYS_SEARCH_USER_PATHS = NO;
				CLANG_ANALYZER_NONNULL = YES;
				CLANG_ANALYZER_NUMBER_OBJECT_CONVERSION = YES_AGGRESSIVE;
				CLANG_CXX_LANGUAGE_STANDARD = "gnu++20";
				CLANG_ENABLE_MODULES = YES;
				CLANG_ENABLE_OBJC_ARC = YES;
				CLANG_ENABLE_OBJC_WEAK = YES;
				CLANG_WARN_BLOCK_CAPTURE_AUTORELEASING = YES;
				CLANG_WARN_BOOL_CONVERSION = YES;
				CLANG_WARN_COMMA = YES;
				CLANG_WARN_CONSTANT_CONVERSION = YES;
				CLANG_WARN_DEPRECATED_OBJC_IMPLEMENTATIONS = YES;
				CLANG_WARN_DIRECT_OBJC_ISA_USAGE = YES_ERROR;
				CLANG_WARN_DOCUMENTATION_COMMENTS = YES;
				CLANG_WARN_EMPTY_BODY = YES;
				CLANG_WARN_ENUM_CONVERSION = YES;
				CLANG_WARN_INFINITE_RECURSION = YES;
				CLANG_WARN_INT_CONVERSION = YES;
				CLANG_WARN_NON_LITERAL_NULL_CONVERSION = YES;
				CLANG_WARN_OBJC_IMPLICIT_RETAIN_SELF = YES;
				CLANG_WARN_OBJC_LITERAL_CONVERSION = YES;
				CLANG_WARN_OBJC_ROOT_CLASS = YES_ERROR;
				CLANG_WARN_QUOTED_INCLUDE_IN_FRAMEWORK_HEADER = YES;
				CLANG_WARN_RANGE_LOOP_ANALYSIS = YES;
				CLANG_WARN_STRICT_PROTOTYPES = YES;
				CLANG_WARN_SUSPICIOUS_MOVE = YES;
				CLANG_WARN_UNGUARDED_AVAILABILITY = YES_AGGRESSIVE;
				CLANG_WARN_UNREACHABLE_CODE = YES;
				CLANG_WARN__DUPLICATE_METHOD_MATCH = YES;
				COPY_PHASE_STRIP = NO;
				DEBUG_INFORMATION_FORMAT = "dwarf-with-dsym";
				ENABLE_NS_ASSERTIONS = NO;
				ENABLE_STRICT_OBJC_MSGSEND = YES;
				GCC_C_LANGUAGE_STANDARD = gnu11;
				GCC_NO_COMMON_BLOCKS = YES;
				GCC_WARN_64_TO_32_BIT_CONVERSION = YES;
				GCC_WARN_ABOUT_RETURN_TYPE = YES_ERROR;
				GCC_WARN_UNDECLARED_SELECTOR = YES;
				GCC_WARN_UNINITIALIZED_AUTOS = YES_AGGRESSIVE;
				GCC_WARN_UNUSED_FUNCTION = YES;
				GCC_WARN_UNUSED_VARIABLE = YES;
				IPHONEOS_DEPLOYMENT_TARGET = 14.0;
				MTL_ENABLE_DEBUG_INFO = NO;
				MTL_FAST_MATH = YES;
				SDKROOT = iphoneos;
				SWIFT_COMPILATION_MODE = wholemodule;
				SWIFT_OPTIMIZATION_LEVEL = "-O";
				VALIDATE_PRODUCT = YES;
			};
			name = Release;
		};
		37DE8AB5290C15CA00F737A7 /* Debug */ = {
			isa = XCBuildConfiguration;
			baseConfigurationReference = 3A183DDFBE50ADA2DBC30D2B /* Pods-SlobPicker.debug.xcconfig */;
			buildSettings = {
				ASSETCATALOG_COMPILER_APPICON_NAME = AppIcon;
				ASSETCATALOG_COMPILER_GLOBAL_ACCENT_COLOR_NAME = AccentColor;
				CODE_SIGN_STYLE = Automatic;
				CURRENT_PROJECT_VERSION = 1;
				DEVELOPMENT_TEAM = FV92TC3KA2;
				"EXCLUDED_ARCHS[sdk=*]" = arm64;
				GENERATE_INFOPLIST_FILE = YES;
				INFOPLIST_FILE = SlobPicker/Info.plist;
				INFOPLIST_KEY_UIApplicationSupportsIndirectInputEvents = YES;
				INFOPLIST_KEY_UILaunchStoryboardName = LaunchScreen;
				INFOPLIST_KEY_UIMainStoryboardFile = Main;
				INFOPLIST_KEY_UISupportedInterfaceOrientations = UIInterfaceOrientationPortrait;
				INFOPLIST_KEY_UISupportedInterfaceOrientations_iPad = "UIInterfaceOrientationLandscapeLeft UIInterfaceOrientationLandscapeRight UIInterfaceOrientationPortrait UIInterfaceOrientationPortraitUpsideDown";
				IPHONEOS_DEPLOYMENT_TARGET = 14.0;
				LD_RUNPATH_SEARCH_PATHS = (
					"$(inherited)",
					"@executable_path/Frameworks",
				);
				MARKETING_VERSION = 1.0;
				PRODUCT_BUNDLE_IDENTIFIER = com.EricKong.SlobPicker;
				PRODUCT_NAME = "$(TARGET_NAME)";
				SWIFT_EMIT_LOC_STRINGS = YES;
				SWIFT_VERSION = 5.0;
				TARGETED_DEVICE_FAMILY = "1,2";
			};
			name = Debug;
		};
		37DE8AB6290C15CA00F737A7 /* Release */ = {
			isa = XCBuildConfiguration;
			baseConfigurationReference = 3B3A68163028A6C8CE69C6B6 /* Pods-SlobPicker.release.xcconfig */;
			buildSettings = {
				ASSETCATALOG_COMPILER_APPICON_NAME = AppIcon;
				ASSETCATALOG_COMPILER_GLOBAL_ACCENT_COLOR_NAME = AccentColor;
				CODE_SIGN_STYLE = Automatic;
				CURRENT_PROJECT_VERSION = 1;
				DEVELOPMENT_TEAM = FV92TC3KA2;
				GENERATE_INFOPLIST_FILE = YES;
				INFOPLIST_FILE = SlobPicker/Info.plist;
				INFOPLIST_KEY_UIApplicationSupportsIndirectInputEvents = YES;
				INFOPLIST_KEY_UILaunchStoryboardName = LaunchScreen;
				INFOPLIST_KEY_UIMainStoryboardFile = Main;
				INFOPLIST_KEY_UISupportedInterfaceOrientations = UIInterfaceOrientationPortrait;
				INFOPLIST_KEY_UISupportedInterfaceOrientations_iPad = "UIInterfaceOrientationLandscapeLeft UIInterfaceOrientationLandscapeRight UIInterfaceOrientationPortrait UIInterfaceOrientationPortraitUpsideDown";
				IPHONEOS_DEPLOYMENT_TARGET = 14.0;
				LD_RUNPATH_SEARCH_PATHS = (
					"$(inherited)",
					"@executable_path/Frameworks",
				);
				MARKETING_VERSION = 1.0;
				PRODUCT_BUNDLE_IDENTIFIER = com.EricKong.SlobPicker;
				PRODUCT_NAME = "$(TARGET_NAME)";
				SWIFT_EMIT_LOC_STRINGS = YES;
				SWIFT_VERSION = 5.0;
				TARGETED_DEVICE_FAMILY = "1,2";
			};
			name = Release;
		};
/* End XCBuildConfiguration section */

/* Begin XCConfigurationList section */
		37DE8A9B290C15C900F737A7 /* Build configuration list for PBXProject "SlobPicker" */ = {
			isa = XCConfigurationList;
			buildConfigurations = (
				37DE8AB2290C15CA00F737A7 /* Debug */,
				37DE8AB3290C15CA00F737A7 /* Release */,
			);
			defaultConfigurationIsVisible = 0;
			defaultConfigurationName = Release;
		};
		37DE8AB4290C15CA00F737A7 /* Build configuration list for PBXNativeTarget "SlobPicker" */ = {
			isa = XCConfigurationList;
			buildConfigurations = (
				37DE8AB5290C15CA00F737A7 /* Debug */,
				37DE8AB6290C15CA00F737A7 /* Release */,
			);
			defaultConfigurationIsVisible = 0;
			defaultConfigurationName = Release;
		};
/* End XCConfigurationList section */
	};
	rootObject = 37DE8A98290C15C900F737A7 /* Project object */;
}
